
Microsoft Visual Studio Solution File, Format Version 12.00
# Visual Studio 15
VisualStudioVersion = 15.0.26730.16
MinimumVisualStudioVersion = 10.0.40219.1
Project("{FAE04EC0-301F-11D3-BF4B-00C04F79EFBC}") = "TuDienAnhViet", "TuDienAnhViet\TuDienAnhViet.csproj", "{67947F10-A0A2-4785-8388-8A5E29213ADA}"
EndProject
Project("{FAE04EC0-301F-11D3-BF4B-00C04F79EFBC}") = "TuDienPhapAnh", "TuDienPhapAnh\TuDienPhapAnh.csproj", "{8F6EEF20-8EF0-4A23-B238-E19D43D70D54}"
EndProject
Global
	GlobalSection(SolutionConfigurationPlatforms) = preSolution
		Debug|Any CPU = Debug|Any CPU
		Release|Any CPU = Release|Any CPU
	EndGlobalSection
	GlobalSection(ProjectConfigurationPlatforms) = postSolution
		{67947F10-A0A2-4785-8388-8A5E29213ADA}.Debug|Any CPU.ActiveCfg = Debug|Any CPU
		{67947F10-A0A2-4785-8388-8A5E29213ADA}.Debug|Any CPU.Build.0 = Debug|Any CPU
		{67947F10-A0A2-4785-8388-8A5E29213ADA}.Release|Any CPU.ActiveCfg = Release|Any CPU
		{67947F10-A0A2-4785-8388-8A5E29213ADA}.Release|Any CPU.Build.0 = Release|Any CPU
		{8F6EEF20-8EF0-4A23-B238-E19D43D70D54}.Debug|Any CPU.ActiveCfg = Debug|Any CPU
		{8F6EEF20-8EF0-4A23-B238-E19D43D70D54}.Debug|Any CPU.Build.0 = Debug|Any CPU
		{8F6EEF20-8EF0-4A23-B238-E19D43D70D54}.Release|Any CPU.ActiveCfg = Release|Any CPU
		{8F6EEF20-8EF0-4A23-B238-E19D43D70D54}.Release|Any CPU.Build.0 = Release|Any CPU
	EndGlobalSection
	GlobalSection(SolutionProperties) = preSolution
		HideSolutionNode = FALSE
	EndGlobalSection
	GlobalSection(ExtensibilityGlobals) = postSolution
		SolutionGuid = {A7C4EAEA-E438-4F7D-83CD-29A334D27BD5}
	EndGlobalSection
EndGlobal
