
Microsoft Visual Studio Solution File, Format Version 12.00
# Visual Studio 15
VisualStudioVersion = 15.0.26730.16
MinimumVisualStudioVersion = 10.0.40219.1
Project("{FAE04EC0-301F-11D3-BF4B-00C04F79EFBC}") = "Dictionary", "Dictionary\Dictionary.csproj", "{B6209685-75B0-4960-BC97-1C6E172C11DD}"
EndProject
Global
	GlobalSection(SolutionConfigurationPlatforms) = preSolution
		Debug|Any CPU = Debug|Any CPU
		Release|Any CPU = Release|Any CPU
	EndGlobalSection
	GlobalSection(ProjectConfigurationPlatforms) = postSolution
		{B6209685-75B0-4960-BC97-1C6E172C11DD}.Debug|Any CPU.ActiveCfg = Debug|Any CPU
		{B6209685-75B0-4960-BC97-1C6E172C11DD}.Debug|Any CPU.Build.0 = Debug|Any CPU
		{B6209685-75B0-4960-BC97-1C6E172C11DD}.Release|Any CPU.ActiveCfg = Release|Any CPU
		{B6209685-75B0-4960-BC97-1C6E172C11DD}.Release|Any CPU.Build.0 = Release|Any CPU
	EndGlobalSection
	GlobalSection(SolutionProperties) = preSolution
		HideSolutionNode = FALSE
	EndGlobalSection
	GlobalSection(ExtensibilityGlobals) = postSolution
		SolutionGuid = {C2C86D93-62ED-4ABF-99D8-A8A4BB5C661E}
	EndGlobalSection
EndGlobal
